
Microsoft Visual Studio Solution File, Format Version 12.00
# Visual Studio Version 17
VisualStudioVersion = 17.4.33015.44
MinimumVisualStudioVersion = 10.0.40219.1
Project("{9A19103F-16F7-4668-BE54-9A1E7A4F7556}") = "Net7PlaceHolder", "..\Net7Projects\Net7PlaceHolder\Net7PlaceHolder.csproj", "{8FD84AA5-BAAF-42E3-95C1-F7F08C067538}"
EndProject
Global
	GlobalSection(SolutionConfigurationPlatforms) = preSolution
		Debug|Any CPU = Debug|Any CPU
		Release|Any CPU = Release|Any CPU
	EndGlobalSection
	GlobalSection(ProjectConfigurationPlatforms) = postSolution
		{8FD84AA5-BAAF-42E3-95C1-F7F08C067538}.Debug|Any CPU.ActiveCfg = Debug|Any CPU
		{8FD84AA5-BAAF-42E3-95C1-F7F08C067538}.Debug|Any CPU.Build.0 = Debug|Any CPU
		{8FD84AA5-BAAF-42E3-95C1-F7F08C067538}.Release|Any CPU.ActiveCfg = Release|Any CPU
		{8FD84AA5-BAAF-42E3-95C1-F7F08C067538}.Release|Any CPU.Build.0 = Release|Any CPU
	EndGlobalSection
	GlobalSection(SolutionProperties) = preSolution
		HideSolutionNode = FALSE
	EndGlobalSection
	GlobalSection(ExtensibilityGlobals) = postSolution
		SolutionGuid = {2DBFF1A8-C014-46B4-91F0-F261BFDBB408}
	EndGlobalSection
EndGlobal
